{
  "nodes": {
    "itok": {
      "inputs": {
        "hk": [
          "nix-hk"
        ],
        "microlith": "microlith",
        "nixpkgs": [
          "itok",
          "nixpkgs-lock",
          "nixpkgs"
        ],
        "nixpkgs-lock": [
          "nixpkgs-lock"
        ]
      },
      "locked": {
        "lastModified": 1787390756,
        "narHash": "sha256-sqRCaH/geTFiANjUWoXkbbQnohFCuybCOgohK8gwk+Q=",
        "owner": "pr0d1r2",
        "repo": "itok",
        "rev": "f6b6b7222d1858c1003906c519fdb363b36df2d9",
        "type": "github"
      },
      "original": {
        "owner": "pr0d1r2",
        "ref": "v0.3.1",
        "repo": "itok",
        "type": "github"
      }
    },
    "itok_2": {
      "inputs": {
        "hk": [
          "microlith",
          "nix-hk"
        ],
        "microlith": "microlith_3",
        "nixpkgs": [
          "microlith",
          "itok",
          "nixpkgs-lock",
          "nixpkgs"
        ],
        "nixpkgs-lock": [
          "microlith",
          "nixpkgs-lock"
        ]
      },
      "locked": {
        "lastModified": 1788092230,
        "narHash": "sha256-bKaQ5Ejf3X5ObtxiwDIDHpCbZCkjQ9Ttdr7H1cTkIxs=",
        "owner": "pr0d1r2",
        "repo": "itok",
        "rev": "7bb0cc19947eaf45b97cd4d1787df91fddbdda90",
        "type": "github"
      },
      "original": {
        "owner": "pr0d1r2",
        "repo": "itok",
        "type": "github"
      }
    },
    "microlith": {
      "inputs": {
        "nix-hk": [
          "itok",
          "hk"
        ],
        "nixpkgs": [
          "itok",
          "microlith",
          "nixpkgs-lock",
          "nixpkgs"
        ],
        "nixpkgs-lock": [
          "itok",
          "nixpkgs-lock"
        ]
      },
      "locked": {
        "lastModified": 1786709569,
        "narHash": "sha256-KLxL48Qug7X0R9F/bG0MpJTsn/kmQz17CXQN4saLsks=",
        "owner": "pr0d1r2",
        "repo": "microlith",
        "rev": "aa0380ac3b51b8d46bd536de28ea83452f01be90",
        "type": "github"
      },
      "original": {
        "owner": "pr0d1r2",
        "ref": "v0.6.1",
        "repo": "microlith",
        "type": "github"
      }
    },
    "microlith_2": {
      "inputs": {
        "itok": "itok_2",
        "nix-hk": [
          "nix-hk"
        ],
        "nixpkgs": [
          "microlith",
          "nixpkgs-lock",
          "nixpkgs"
        ],
        "nixpkgs-lock": [
          "nixpkgs-lock"
        ]
      },
      "locked": {
        "lastModified": 1789925744,
        "narHash": "sha256-uNVVUqzh7Od5UzDhKu5X7R3Xeje/8vmk0zOGbu5SsQE=",
        "owner": "pr0d1r2",
        "repo": "microlith",
        "rev": "58a36c3bc90b76e1f561996b14cf3beaf9a40ed2",
        "type": "github"
      },
      "original": {
        "owner": "pr0d1r2",
        "ref": "v0.7.3",
        "repo": "microlith",
        "type": "github"
      }
    },
    "microlith_3": {
      "inputs": {
        "nix-hk": [
          "microlith",
          "itok",
          "hk"
        ],
        "nixpkgs": [
          "microlith",
          "itok",
          "microlith",
          "nixpkgs-lock",
          "nixpkgs"
        ],
        "nixpkgs-lock": [
          "microlith",
          "itok",
          "nixpkgs-lock"
        ]
      },
      "locked": {
        "lastModified": 1786709569,
        "narHash": "sha256-KLxL48Qug7X0R9F/bG0MpJTsn/kmQz17CXQN4saLsks=",
        "owner": "pr0d1r2",
        "repo": "microlith",
        "rev": "aa0380ac3b51b8d46bd536de28ea83452f01be90",
        "type": "github"
      },
      "original": {
        "owner": "pr0d1r2",
        "ref": "v0.6.1",
        "repo": "microlith",
        "type": "github"
      }
    },
    "nix-hk": {
      "inputs": {
        "nixpkgs": [
          "nix-hk",
          "nixpkgs-lock",
          "nixpkgs"
        ],
        "nixpkgs-lock": [
          "nixpkgs-lock"
        ]
      },
      "locked": {
        "lastModified": 1789817970,
        "narHash": "sha256-q/pSSRnGdouzdH8dtQUV2ZhMeNB/B9dNXlwS7U8HEts=",
        "owner": "pr0d1r2",
        "repo": "nix-hk",
        "rev": "a063d34d951e733086a63b6704dad12ac9934d3f",
        "type": "github"
      },
      "original": {
        "owner": "pr0d1r2",
        "repo": "nix-hk",
        "type": "github"
      }
    },
    "nixpkgs": {
      "locked": {
        "lastModified": 1790920529,
        "narHash": "sha256-nQyFkMR78WP6PiXKkDW2SjqzLf/spQqjRuxRGSbcV8k=",
        "owner": "NixOS",
        "repo": "nixpkgs",
        "rev": "774debe7a0d1b496e35677ad955a1011c6ff74f3",
        "type": "github"
      },
      "original": {
        "owner": "NixOS",
        "ref": "nixos-26.05",
        "repo": "nixpkgs",
        "type": "github"
      }
    },
    "nixpkgs-lock": {
      "inputs": {
        "nixpkgs": "nixpkgs"
      },
      "locked": {
        "lastModified": 1791010593,
        "narHash": "sha256-wnW7S083kfOML2YomUnJQqHEbXjX+MrFoFc1PS77JPY=",
        "owner": "pr0d1r2",
        "repo": "nixpkgs-lock",
        "rev": "9761cce01db58998fc0164a7b0d52b12c6cf857c",
        "type": "github"
      },
      "original": {
        "owner": "pr0d1r2",
        "repo": "nixpkgs-lock",
        "type": "github"
      }
    },
    "root": {
      "inputs": {
        "itok": "itok",
        "microlith": "microlith_2",
        "nix-hk": "nix-hk",
        "nixpkgs": [
          "nixpkgs-lock",
          "nixpkgs"
        ],
        "nixpkgs-lock": "nixpkgs-lock",
        "sherd": "sherd"
      }
    },
    "sherd": {
      "inputs": {
        "nix-hk": [
          "nix-hk"
        ],
        "nixpkgs": [
          "sherd",
          "nixpkgs-lock",
          "nixpkgs"
        ],
        "nixpkgs-lock": [
          "nixpkgs-lock"
        ]
      },
      "locked": {
        "lastModified": 1791020948,
        "narHash": "sha256-eZhxU54+S5GY8UOSzzkEtqB/UIJVkofNw5U1sEBFxVo=",
        "owner": "pr0d1r2",
        "repo": "sherd",
        "rev": "014357299f560b9a467341cd9db023e477347520",
        "type": "github"
      },
      "original": {
        "owner": "pr0d1r2",
        "ref": "v0.5.3",
        "repo": "sherd",
        "type": "github"
      }
    }
  },
  "root": "root",
  "version": 7
}
